// !$*UTF8*$!
{
	archiveVersion = 1;
	classes = {
	};
	objectVersion = 50;
	objects = {

/* Begin PBXBuildFile section */
		9B0D54D523E44A09000B2AE9 /* AppDelegate.swift in Sources */ = {isa = PBXBuildFile; fileRef = 9B0D54D423E44A09000B2AE9 /* AppDelegate.swift */; };
		9B0D54D923E44A09000B2AE9 /* SettingColorViewController.swift in Sources */ = {isa = PBXBuildFile; fileRef = 9B0D54D823E44A09000B2AE9 /* SettingColorViewController.swift */; };
		9B0D54DC23E44A09000B2AE9 /* Main.storyboard in Resources */ = {isa = PBXBuildFile; fileRef = 9B0D54DA23E44A09000B2AE9 /* Main.storyboard */; };
		9B0D54DE23E44A0F000B2AE9 /* Assets.xcassets in Resources */ = {isa = PBXBuildFile; fileRef = 9B0D54DD23E44A0F000B2AE9 /* Assets.xcassets */; };
		9B0D54E123E44A0F000B2AE9 /* LaunchScreen.storyboard in Resources */ = {isa = PBXBuildFile; fileRef = 9B0D54DF23E44A0F000B2AE9 /* LaunchScreen.storyboard */; };
		9B0D54EA23E4701B000B2AE9 /* UITextField.swift in Sources */ = {isa = PBXBuildFile; fileRef = 9B0D54E923E4701B000B2AE9 /* UITextField.swift */; };
		9B0D54EC23E47A9F000B2AE9 /* UIViewController.swift in Sources */ = {isa = PBXBuildFile; fileRef = 9B0D54EB23E47A9F000B2AE9 /* UIViewController.swift */; };
		9BAD8CCB23FA854200DCE0AE /* MainViewController.swift in Sources */ = {isa = PBXBuildFile; fileRef = 9BAD8CCA23FA854200DCE0AE /* MainViewController.swift */; };
		9BAD8CCF23FA865000DCE0AE /* SettingColorDelegate.swift in Sources */ = {isa = PBXBuildFile; fileRef = 9BAD8CCE23FA865000DCE0AE /* SettingColorDelegate.swift */; };
/* End PBXBuildFile section */

/* Begin PBXFileReference section */
		9B0D54D123E44A09000B2AE9 /* HW2.6.app */ = {isa = PBXFileReference; explicitFileType = wrapper.application; includeInIndex = 0; path = HW2.6.app; sourceTree = BUILT_PRODUCTS_DIR; };
		9B0D54D423E44A09000B2AE9 /* AppDelegate.swift */ = {isa = PBXFileReference; lastKnownFileType = sourcecode.swift; path = AppDelegate.swift; sourceTree = "<group>"; };
		9B0D54D823E44A09000B2AE9 /* SettingColorViewController.swift */ = {isa = PBXFileReference; lastKnownFileType = sourcecode.swift; path = SettingColorViewController.swift; sourceTree = "<group>"; };
		9B0D54DB23E44A09000B2AE9 /* Base */ = {isa = PBXFileReference; lastKnownFileType = file.storyboard; name = Base; path = Base.lproj/Main.storyboard; sourceTree = "<group>"; };
		9B0D54DD23E44A0F000B2AE9 /* Assets.xcassets */ = {isa = PBXFileReference; lastKnownFileType = folder.assetcatalog; path = Assets.xcassets; sourceTree = "<group>"; };
		9B0D54E023E44A0F000B2AE9 /* Base */ = {isa = PBXFileReference; lastKnownFileType = file.storyboard; name = Base; path = Base.lproj/LaunchScreen.storyboard; sourceTree = "<group>"; };
		9B0D54E223E44A0F000B2AE9 /* Info.plist */ = {isa = PBXFileReference; lastKnownFileType = text.plist.xml; path = Info.plist; sourceTree = "<group>"; };
		9B0D54E923E4701B000B2AE9 /* UITextField.swift */ = {isa = PBXFileReference; lastKnownFileType = sourcecode.swift; path = UITextField.swift; sourceTree = "<group>"; };
		9B0D54EB23E47A9F000B2AE9 /* UIViewController.swift */ = {isa = PBXFileReference; lastKnownFileType = sourcecode.swift; path = UIViewController.swift; sourceTree = "<group>"; };
		9BAD8CCA23FA854200DCE0AE /* MainViewController.swift */ = {isa = PBXFileReference; lastKnownFileType = sourcecode.swift; path = MainViewController.swift; sourceTree = "<group>"; };
		9BAD8CCE23FA865000DCE0AE /* SettingColorDelegate.swift */ = {isa = PBXFileReference; lastKnownFileType = sourcecode.swift; path = SettingColorDelegate.swift; sourceTree = "<group>"; };
/* End PBXFileReference section */

/* Begin PBXFrameworksBuildPhase section */
		9B0D54CE23E44A09000B2AE9 /* Frameworks */ = {
			isa = PBXFrameworksBuildPhase;
			buildActionMask = 2147483647;
			files = (
			);
			runOnlyForDeploymentPostprocessing = 0;
		};
/* End PBXFrameworksBuildPhase section */

/* Begin PBXGroup section */
		0EEAE88A241F793700ABEAC8 /* Support Files */ = {
			isa = PBXGroup;
			children = (
				9B0D54D423E44A09000B2AE9 /* AppDelegate.swift */,
				9B0D54E223E44A0F000B2AE9 /* Info.plist */,
			);
			path = "Support Files";
			sourceTree = "<group>";
		};
		9B0D54C823E44A09000B2AE9 = {
			isa = PBXGroup;
			children = (
				9B0D54D323E44A09000B2AE9 /* HW2.6 */,
				9B0D54D223E44A09000B2AE9 /* Products */,
			);
			sourceTree = "<group>";
		};
		9B0D54D223E44A09000B2AE9 /* Products */ = {
			isa = PBXGroup;
			children = (
				9B0D54D123E44A09000B2AE9 /* HW2.6.app */,
			);
			name = Products;
			sourceTree = "<group>";
		};
		9B0D54D323E44A09000B2AE9 /* HW2.6 */ = {
			isa = PBXGroup;
			children = (
				9BAD8CCD23FA863400DCE0AE /* Protocols */,
				9B0D54E823E46FFE000B2AE9 /* Extensions */,
				9BAD8CD023FAAAB200DCE0AE /* Controllers */,
				9BAD8CCC23FA855100DCE0AE /* Storyboards */,
				0EEAE88A241F793700ABEAC8 /* Support Files */,
				9B0D54DD23E44A0F000B2AE9 /* Assets.xcassets */,
			);
			path = HW2.6;
			sourceTree = "<group>";
		};
		9B0D54E823E46FFE000B2AE9 /* Extensions */ = {
			isa = PBXGroup;
			children = (
				9B0D54E923E4701B000B2AE9 /* UITextField.swift */,
				9B0D54EB23E47A9F000B2AE9 /* UIViewController.swift */,
			);
			path = Extensions;
			sourceTree = "<group>";
		};
		9BAD8CCC23FA855100DCE0AE /* Storyboards */ = {
			isa = PBXGroup;
			children = (
				9B0D54DF23E44A0F000B2AE9 /* LaunchScreen.storyboard */,
				9B0D54DA23E44A09000B2AE9 /* Main.storyboard */,
			);
			path = Storyboards;
			sourceTree = "<group>";
		};
		9BAD8CCD23FA863400DCE0AE /* Protocols */ = {
			isa = PBXGroup;
			children = (
				9BAD8CCE23FA865000DCE0AE /* SettingColorDelegate.swift */,
			);
			path = Protocols;
			sourceTree = "<group>";
		};
		9BAD8CD023FAAAB200DCE0AE /* Controllers */ = {
			isa = PBXGroup;
			children = (
				9BAD8CCA23FA854200DCE0AE /* MainViewController.swift */,
				9B0D54D823E44A09000B2AE9 /* SettingColorViewController.swift */,
			);
			path = Controllers;
			sourceTree = "<group>";
		};
/* End PBXGroup section */

/* Begin PBXNativeTarget section */
		9B0D54D023E44A09000B2AE9 /* HW2.6 */ = {
			isa = PBXNativeTarget;
			buildConfigurationList = 9B0D54E523E44A0F000B2AE9 /* Build configuration list for PBXNativeTarget "HW2.6" */;
			buildPhases = (
				9B0D54CD23E44A09000B2AE9 /* Sources */,
				9B0D54CE23E44A09000B2AE9 /* Frameworks */,
				9B0D54CF23E44A09000B2AE9 /* Resources */,
			);
			buildRules = (
			);
			dependencies = (
			);
			name = HW2.6;
			productName = HW2.6;
			productReference = 9B0D54D123E44A09000B2AE9 /* HW2.6.app */;
			productType = "com.apple.product-type.application";
		};
/* End PBXNativeTarget section */

/* Begin PBXProject section */
		9B0D54C923E44A09000B2AE9 /* Project object */ = {
			isa = PBXProject;
			attributes = {
				LastSwiftUpdateCheck = 1120;
				LastUpgradeCheck = 1120;
				ORGANIZATIONNAME = "Алексей Маслобоев";
				TargetAttributes = {
					9B0D54D023E44A09000B2AE9 = {
						CreatedOnToolsVersion = 11.2.1;
					};
				};
			};
			buildConfigurationList = 9B0D54CC23E44A09000B2AE9 /* Build configuration list for PBXProject "HW2.6" */;
			compatibilityVersion = "Xcode 9.3";
			developmentRegion = en;
			hasScannedForEncodings = 0;
			knownRegions = (
				en,
				Base,
			);
			mainGroup = 9B0D54C823E44A09000B2AE9;
			productRefGroup = 9B0D54D223E44A09000B2AE9 /* Products */;
			projectDirPath = "";
			projectRoot = "";
			targets = (
				9B0D54D023E44A09000B2AE9 /* HW2.6 */,
			);
		};
/* End PBXProject section */

/* Begin PBXResourcesBuildPhase section */
		9B0D54CF23E44A09000B2AE9 /* Resources */ = {
			isa = PBXResourcesBuildPhase;
			buildActionMask = 2147483647;
			files = (
				9B0D54E123E44A0F000B2AE9 /* LaunchScreen.storyboard in Resources */,
				9B0D54DE23E44A0F000B2AE9 /* Assets.xcassets in Resources */,
				9B0D54DC23E44A09000B2AE9 /* Main.storyboard in Resources */,
			);
			runOnlyForDeploymentPostprocessing = 0;
		};
/* End PBXResourcesBuildPhase section */

/* Begin PBXSourcesBuildPhase section */
		9B0D54CD23E44A09000B2AE9 /* Sources */ = {
			isa = PBXSourcesBuildPhase;
			buildActionMask = 2147483647;
			files = (
				9B0D54D923E44A09000B2AE9 /* SettingColorViewController.swift in Sources */,
				9B0D54D523E44A09000B2AE9 /* AppDelegate.swift in Sources */,
				9B0D54EA23E4701B000B2AE9 /* UITextField.swift in Sources */,
				9B0D54EC23E47A9F000B2AE9 /* UIViewController.swift in Sources */,
				9BAD8CCF23FA865000DCE0AE /* SettingColorDelegate.swift in Sources */,
				9BAD8CCB23FA854200DCE0AE /* MainViewController.swift in Sources */,
			);
			runOnlyForDeploymentPostprocessing = 0;
		};
/* End PBXSourcesBuildPhase section */

/* Begin PBXVariantGroup section */
		9B0D54DA23E44A09000B2AE9 /* Main.storyboard */ = {
			isa = PBXVariantGroup;
			children = (
				9B0D54DB23E44A09000B2AE9 /* Base */,
			);
			name = Main.storyboard;
			sourceTree = "<group>";
		};
		9B0D54DF23E44A0F000B2AE9 /* LaunchScreen.storyboard */ = {
			isa = PBXVariantGroup;
			children = (
				9B0D54E023E44A0F000B2AE9 /* Base */,
			);
			name = LaunchScreen.storyboard;
			sourceTree = "<group>";
		};
/* End PBXVariantGroup section */

/* Begin XCBuildConfiguration section */
		9B0D54E323E44A0F000B2AE9 /* Debug */ = {
			isa = XCBuildConfiguration;
			buildSettings = {
				ALWAYS_SEARCH_USER_PATHS = NO;
				CLANG_ANALYZER_NONNULL = YES;
				CLANG_ANALYZER_NUMBER_OBJECT_CONVERSION = YES_AGGRESSIVE;
				CLANG_CXX_LANGUAGE_STANDARD = "gnu++14";
				CLANG_CXX_LIBRARY = "libc++";
				CLANG_ENABLE_MODULES = YES;
				CLANG_ENABLE_OBJC_ARC = YES;
				CLANG_ENABLE_OBJC_WEAK = YES;
				CLANG_WARN_BLOCK_CAPTURE_AUTORELEASING = YES;
				CLANG_WARN_BOOL_CONVERSION = YES;
				CLANG_WARN_COMMA = YES;
				CLANG_WARN_CONSTANT_CONVERSION = YES;
				CLANG_WARN_DEPRECATED_OBJC_IMPLEMENTATIONS = YES;
				CLANG_WARN_DIRECT_OBJC_ISA_USAGE = YES_ERROR;
				CLANG_WARN_DOCUMENTATION_COMMENTS = YES;
				CLANG_WARN_EMPTY_BODY = YES;
				CLANG_WARN_ENUM_CONVERSION = YES;
				CLANG_WARN_INFINITE_RECURSION = YES;
				CLANG_WARN_INT_CONVERSION = YES;
				CLANG_WARN_NON_LITERAL_NULL_CONVERSION = YES;
				CLANG_WARN_OBJC_IMPLICIT_RETAIN_SELF = YES;
				CLANG_WARN_OBJC_LITERAL_CONVERSION = YES;
				CLANG_WARN_OBJC_ROOT_CLASS = YES_ERROR;
				CLANG_WARN_RANGE_LOOP_ANALYSIS = YES;
				CLANG_WARN_STRICT_PROTOTYPES = YES;
				CLANG_WARN_SUSPICIOUS_MOVE = YES;
				CLANG_WARN_UNGUARDED_AVAILABILITY = YES_AGGRESSIVE;
				CLANG_WARN_UNREACHABLE_CODE = YES;
				CLANG_WARN__DUPLICATE_METHOD_MATCH = YES;
				COPY_PHASE_STRIP = NO;
				DEBUG_INFORMATION_FORMAT = dwarf;
				ENABLE_STRICT_OBJC_MSGSEND = YES;
				ENABLE_TESTABILITY = YES;
				GCC_C_LANGUAGE_STANDARD = gnu11;
				GCC_DYNAMIC_NO_PIC = NO;
				GCC_NO_COMMON_BLOCKS = YES;
				GCC_OPTIMIZATION_LEVEL = 0;
				GCC_PREPROCESSOR_DEFINITIONS = (
					"DEBUG=1",
					"$(inherited)",
				);
				GCC_WARN_64_TO_32_BIT_CONVERSION = YES;
				GCC_WARN_ABOUT_RETURN_TYPE = YES_ERROR;
				GCC_WARN_UNDECLARED_SELECTOR = YES;
				GCC_WARN_UNINITIALIZED_AUTOS = YES_AGGRESSIVE;
				GCC_WARN_UNUSED_FUNCTION = YES;
				GCC_WARN_UNUSED_VARIABLE = YES;
				IPHONEOS_DEPLOYMENT_TARGET = 13.2;
				MTL_ENABLE_DEBUG_INFO = INCLUDE_SOURCE;
				MTL_FAST_MATH = YES;
				ONLY_ACTIVE_ARCH = YES;
				SDKROOT = iphoneos;
				SWIFT_ACTIVE_COMPILATION_CONDITIONS = DEBUG;
				SWIFT_OPTIMIZATION_LEVEL = "-Onone";
			};
			name = Debug;
		};
		9B0D54E423E44A0F000B2AE9 /* Release */ = {
			isa = XCBuildConfiguration;
			buildSettings = {
				ALWAYS_SEARCH_USER_PATHS = NO;
				CLANG_ANALYZER_NONNULL = YES;
				CLANG_ANALYZER_NUMBER_OBJECT_CONVERSION = YES_AGGRESSIVE;
				CLANG_CXX_LANGUAGE_STANDARD = "gnu++14";
				CLANG_CXX_LIBRARY = "libc++";
				CLANG_ENABLE_MODULES = YES;
				CLANG_ENABLE_OBJC_ARC = YES;
				CLANG_ENABLE_OBJC_WEAK = YES;
				CLANG_WARN_BLOCK_CAPTURE_AUTORELEASING = YES;
				CLANG_WARN_BOOL_CONVERSION = YES;
				CLANG_WARN_COMMA = YES;
				CLANG_WARN_CONSTANT_CONVERSION = YES;
				CLANG_WARN_DEPRECATED_OBJC_IMPLEMENTATIONS = YES;
				CLANG_WARN_DIRECT_OBJC_ISA_USAGE = YES_ERROR;
				CLANG_WARN_DOCUMENTATION_COMMENTS = YES;
				CLANG_WARN_EMPTY_BODY = YES;
				CLANG_WARN_ENUM_CONVERSION = YES;
				CLANG_WARN_INFINITE_RECURSION = YES;
				CLANG_WARN_INT_CONVERSION = YES;
				CLANG_WARN_NON_LITERAL_NULL_CONVERSION = YES;
				CLANG_WARN_OBJC_IMPLICIT_RETAIN_SELF = YES;
				CLANG_WARN_OBJC_LITERAL_CONVERSION = YES;
				CLANG_WARN_OBJC_ROOT_CLASS = YES_ERROR;
				CLANG_WARN_RANGE_LOOP_ANALYSIS = YES;
				CLANG_WARN_STRICT_PROTOTYPES = YES;
				CLANG_WARN_SUSPICIOUS_MOVE = YES;
				CLANG_WARN_UNGUARDED_AVAILABILITY = YES_AGGRESSIVE;
				CLANG_WARN_UNREACHABLE_CODE = YES;
				CLANG_WARN__DUPLICATE_METHOD_MATCH = YES;
				COPY_PHASE_STRIP = NO;
				DEBUG_INFORMATION_FORMAT = "dwarf-with-dsym";
				ENABLE_NS_ASSERTIONS = NO;
				ENABLE_STRICT_OBJC_MSGSEND = YES;
				GCC_C_LANGUAGE_STANDARD = gnu11;
				GCC_NO_COMMON_BLOCKS = YES;
				GCC_WARN_64_TO_32_BIT_CONVERSION = YES;
				GCC_WARN_ABOUT_RETURN_TYPE = YES_ERROR;
				GCC_WARN_UNDECLARED_SELECTOR = YES;
				GCC_WARN_UNINITIALIZED_AUTOS = YES_AGGRESSIVE;
				GCC_WARN_UNUSED_FUNCTION = YES;
				GCC_WARN_UNUSED_VARIABLE = YES;
				IPHONEOS_DEPLOYMENT_TARGET = 13.2;
				MTL_ENABLE_DEBUG_INFO = NO;
				MTL_FAST_MATH = YES;
				SDKROOT = iphoneos;
				SWIFT_COMPILATION_MODE = wholemodule;
				SWIFT_OPTIMIZATION_LEVEL = "-O";
				VALIDATE_PRODUCT = YES;
			};
			name = Release;
		};
		9B0D54E623E44A0F000B2AE9 /* Debug */ = {
			isa = XCBuildConfiguration;
			buildSettings = {
				ASSETCATALOG_COMPILER_APPICON_NAME = AppIcon;
				CODE_SIGN_STYLE = Automatic;
				DEVELOPMENT_TEAM = AT2AL77J25;
				INFOPLIST_FILE = "HW2.6/Support Files/Info.plist";
				IPHONEOS_DEPLOYMENT_TARGET = 11.0;
				LD_RUNPATH_SEARCH_PATHS = (
					"$(inherited)",
					"@executable_path/Frameworks",
				);
				PRODUCT_BUNDLE_IDENTIFIER = ru.lastbyte.HW2.6;
				PRODUCT_NAME = "$(TARGET_NAME)";
				SWIFT_VERSION = 5.0;
				TARGETED_DEVICE_FAMILY = 1;
			};
			name = Debug;
		};
		9B0D54E723E44A0F000B2AE9 /* Release */ = {
			isa = XCBuildConfiguration;
			buildSettings = {
				ASSETCATALOG_COMPILER_APPICON_NAME = AppIcon;
				CODE_SIGN_STYLE = Automatic;
				DEVELOPMENT_TEAM = AT2AL77J25;
				INFOPLIST_FILE = "HW2.6/Support Files/Info.plist";
				IPHONEOS_DEPLOYMENT_TARGET = 11.0;
				LD_RUNPATH_SEARCH_PATHS = (
					"$(inherited)",
					"@executable_path/Frameworks",
				);
				PRODUCT_BUNDLE_IDENTIFIER = ru.lastbyte.HW2.6;
				PRODUCT_NAME = "$(TARGET_NAME)";
				SWIFT_VERSION = 5.0;
				TARGETED_DEVICE_FAMILY = 1;
			};
			name = Release;
		};
/* End XCBuildConfiguration section */

/* Begin XCConfigurationList section */
		9B0D54CC23E44A09000B2AE9 /* Build configuration list for PBXProject "HW2.6" */ = {
			isa = XCConfigurationList;
			buildConfigurations = (
				9B0D54E323E44A0F000B2AE9 /* Debug */,
				9B0D54E423E44A0F000B2AE9 /* Release */,
			);
			defaultConfigurationIsVisible = 0;
			defaultConfigurationName = Release;
		};
		9B0D54E523E44A0F000B2AE9 /* Build configuration list for PBXNativeTarget "HW2.6" */ = {
			isa = XCConfigurationList;
			buildConfigurations = (
				9B0D54E623E44A0F000B2AE9 /* Debug */,
				9B0D54E723E44A0F000B2AE9 /* Release */,
			);
			defaultConfigurationIsVisible = 0;
			defaultConfigurationName = Release;
		};
/* End XCConfigurationList section */
	};
	rootObject = 9B0D54C923E44A09000B2AE9 /* Project object */;
}
